
Microsoft Visual Studio Solution File, Format Version 12.00
# Visual Studio Version 17
VisualStudioVersion = 17.1.32421.90
MinimumVisualStudioVersion = 10.0.40219.1
Project("{FAE04EC0-301F-11D3-BF4B-00C04F79EFBC}") = "SimplePaint_LeDuyKhiem_20110661", "SimplePaint_LeDuyKhiem_20110661\SimplePaint_LeDuyKhiem_20110661.csproj", "{658E71FE-9BDF-4E1A-9601-74369B48940D}"
EndProject
Project("{54435603-DBB4-11D2-8724-00A0C9A8B90C}") = "Setup1", "Setup1\Setup1.vdproj", "{DCDD911E-8AAF-4A47-B1FD-1C69D97044D0}"
EndProject
Global
	GlobalSection(SolutionConfigurationPlatforms) = preSolution
		Debug|Any CPU = Debug|Any CPU
		Release|Any CPU = Release|Any CPU
	EndGlobalSection
	GlobalSection(ProjectConfigurationPlatforms) = postSolution
		{658E71FE-9BDF-4E1A-9601-74369B48940D}.Debug|Any CPU.ActiveCfg = Debug|Any CPU
		{658E71FE-9BDF-4E1A-9601-74369B48940D}.Debug|Any CPU.Build.0 = Debug|Any CPU
		{658E71FE-9BDF-4E1A-9601-74369B48940D}.Release|Any CPU.ActiveCfg = Release|Any CPU
		{658E71FE-9BDF-4E1A-9601-74369B48940D}.Release|Any CPU.Build.0 = Release|Any CPU
		{DCDD911E-8AAF-4A47-B1FD-1C69D97044D0}.Debug|Any CPU.ActiveCfg = Debug
		{DCDD911E-8AAF-4A47-B1FD-1C69D97044D0}.Release|Any CPU.ActiveCfg = Release
	EndGlobalSection
	GlobalSection(SolutionProperties) = preSolution
		HideSolutionNode = FALSE
	EndGlobalSection
	GlobalSection(ExtensibilityGlobals) = postSolution
		SolutionGuid = {006F87E3-6ACC-4613-996D-DA149D431567}
	EndGlobalSection
EndGlobal
